// !$*UTF8*$!
{
	archiveVersion = 1;
	classes = {
	};
	objectVersion = 50;
	objects = {

/* Begin PBXBuildFile section */
		6341643C26318895001AEB43 /* AppDelegate.swift in Sources */ = {isa = PBXBuildFile; fileRef = 6341643B26318895001AEB43 /* AppDelegate.swift */; };
		6341643E26318895001AEB43 /* SceneDelegate.swift in Sources */ = {isa = PBXBuildFile; fileRef = 6341643D26318895001AEB43 /* SceneDelegate.swift */; };
		6341644026318895001AEB43 /* ViewController.swift in Sources */ = {isa = PBXBuildFile; fileRef = 6341643F26318895001AEB43 /* ViewController.swift */; };
		6341644326318895001AEB43 /* Main.storyboard in Resources */ = {isa = PBXBuildFile; fileRef = 6341644126318895001AEB43 /* Main.storyboard */; };
		6341644526318896001AEB43 /* Assets.xcassets in Resources */ = {isa = PBXBuildFile; fileRef = 6341644426318896001AEB43 /* Assets.xcassets */; };
		6341644826318896001AEB43 /* LaunchScreen.storyboard in Resources */ = {isa = PBXBuildFile; fileRef = 6341644626318896001AEB43 /* LaunchScreen.storyboard */; };
		6341645B26318A9A001AEB43 /* MyCell.swift in Sources */ = {isa = PBXBuildFile; fileRef = 6341645A26318A9A001AEB43 /* MyCell.swift */; };
		6341646026318C62001AEB43 /* UIColor+Extension.swift in Sources */ = {isa = PBXBuildFile; fileRef = 6341645F26318C62001AEB43 /* UIColor+Extension.swift */; };
		6341646326318C68001AEB43 /* CGFloat+Extension.swift in Sources */ = {isa = PBXBuildFile; fileRef = 6341646226318C68001AEB43 /* CGFloat+Extension.swift */; };
/* End PBXBuildFile section */

/* Begin PBXFileReference section */
		6341643826318895001AEB43 /* StickyHeaderCell.app */ = {isa = PBXFileReference; explicitFileType = wrapper.application; includeInIndex = 0; path = StickyHeaderCell.app; sourceTree = BUILT_PRODUCTS_DIR; };
		6341643B26318895001AEB43 /* AppDelegate.swift */ = {isa = PBXFileReference; lastKnownFileType = sourcecode.swift; path = AppDelegate.swift; sourceTree = "<group>"; };
		6341643D26318895001AEB43 /* SceneDelegate.swift */ = {isa = PBXFileReference; lastKnownFileType = sourcecode.swift; path = SceneDelegate.swift; sourceTree = "<group>"; };
		6341643F26318895001AEB43 /* ViewController.swift */ = {isa = PBXFileReference; lastKnownFileType = sourcecode.swift; path = ViewController.swift; sourceTree = "<group>"; };
		6341644226318895001AEB43 /* Base */ = {isa = PBXFileReference; lastKnownFileType = file.storyboard; name = Base; path = Base.lproj/Main.storyboard; sourceTree = "<group>"; };
		6341644426318896001AEB43 /* Assets.xcassets */ = {isa = PBXFileReference; lastKnownFileType = folder.assetcatalog; path = Assets.xcassets; sourceTree = "<group>"; };
		6341644726318896001AEB43 /* Base */ = {isa = PBXFileReference; lastKnownFileType = file.storyboard; name = Base; path = Base.lproj/LaunchScreen.storyboard; sourceTree = "<group>"; };
		6341644926318896001AEB43 /* Info.plist */ = {isa = PBXFileReference; lastKnownFileType = text.plist.xml; path = Info.plist; sourceTree = "<group>"; };
		6341645A26318A9A001AEB43 /* MyCell.swift */ = {isa = PBXFileReference; lastKnownFileType = sourcecode.swift; path = MyCell.swift; sourceTree = "<group>"; };
		6341645F26318C62001AEB43 /* UIColor+Extension.swift */ = {isa = PBXFileReference; lastKnownFileType = sourcecode.swift; path = "UIColor+Extension.swift"; sourceTree = "<group>"; };
		6341646226318C68001AEB43 /* CGFloat+Extension.swift */ = {isa = PBXFileReference; lastKnownFileType = sourcecode.swift; path = "CGFloat+Extension.swift"; sourceTree = "<group>"; };
/* End PBXFileReference section */

/* Begin PBXFrameworksBuildPhase section */
		6341643526318895001AEB43 /* Frameworks */ = {
			isa = PBXFrameworksBuildPhase;
			buildActionMask = 2147483647;
			files = (
			);
			runOnlyForDeploymentPostprocessing = 0;
		};
/* End PBXFrameworksBuildPhase section */

/* Begin PBXGroup section */
		6341642F26318895001AEB43 = {
			isa = PBXGroup;
			children = (
				6341643A26318895001AEB43 /* StickyHeaderCell */,
				6341643926318895001AEB43 /* Products */,
			);
			sourceTree = "<group>";
		};
		6341643926318895001AEB43 /* Products */ = {
			isa = PBXGroup;
			children = (
				6341643826318895001AEB43 /* StickyHeaderCell.app */,
			);
			name = Products;
			sourceTree = "<group>";
		};
		6341643A26318895001AEB43 /* StickyHeaderCell */ = {
			isa = PBXGroup;
			children = (
				6341645E26318C54001AEB43 /* Helper */,
				6341643B26318895001AEB43 /* AppDelegate.swift */,
				6341643D26318895001AEB43 /* SceneDelegate.swift */,
				6341643F26318895001AEB43 /* ViewController.swift */,
				6341645A26318A9A001AEB43 /* MyCell.swift */,
				6341644126318895001AEB43 /* Main.storyboard */,
				6341644426318896001AEB43 /* Assets.xcassets */,
				6341644626318896001AEB43 /* LaunchScreen.storyboard */,
				6341644926318896001AEB43 /* Info.plist */,
			);
			path = StickyHeaderCell;
			sourceTree = "<group>";
		};
		6341645E26318C54001AEB43 /* Helper */ = {
			isa = PBXGroup;
			children = (
				6341645F26318C62001AEB43 /* UIColor+Extension.swift */,
				6341646226318C68001AEB43 /* CGFloat+Extension.swift */,
			);
			path = Helper;
			sourceTree = "<group>";
		};
/* End PBXGroup section */

/* Begin PBXNativeTarget section */
		6341643726318895001AEB43 /* StickyHeaderCell */ = {
			isa = PBXNativeTarget;
			buildConfigurationList = 6341644C26318896001AEB43 /* Build configuration list for PBXNativeTarget "StickyHeaderCell" */;
			buildPhases = (
				6341643426318895001AEB43 /* Sources */,
				6341643526318895001AEB43 /* Frameworks */,
				6341643626318895001AEB43 /* Resources */,
			);
			buildRules = (
			);
			dependencies = (
			);
			name = StickyHeaderCell;
			productName = StickyHeaderCell;
			productReference = 6341643826318895001AEB43 /* StickyHeaderCell.app */;
			productType = "com.apple.product-type.application";
		};
/* End PBXNativeTarget section */

/* Begin PBXProject section */
		6341643026318895001AEB43 /* Project object */ = {
			isa = PBXProject;
			attributes = {
				LastSwiftUpdateCheck = 1240;
				LastUpgradeCheck = 1240;
				TargetAttributes = {
					6341643726318895001AEB43 = {
						CreatedOnToolsVersion = 12.4;
					};
				};
			};
			buildConfigurationList = 6341643326318895001AEB43 /* Build configuration list for PBXProject "StickyHeaderCell" */;
			compatibilityVersion = "Xcode 9.3";
			developmentRegion = en;
			hasScannedForEncodings = 0;
			knownRegions = (
				en,
				Base,
			);
			mainGroup = 6341642F26318895001AEB43;
			productRefGroup = 6341643926318895001AEB43 /* Products */;
			projectDirPath = "";
			projectRoot = "";
			targets = (
				6341643726318895001AEB43 /* StickyHeaderCell */,
			);
		};
/* End PBXProject section */

/* Begin PBXResourcesBuildPhase section */
		6341643626318895001AEB43 /* Resources */ = {
			isa = PBXResourcesBuildPhase;
			buildActionMask = 2147483647;
			files = (
				6341644826318896001AEB43 /* LaunchScreen.storyboard in Resources */,
				6341644526318896001AEB43 /* Assets.xcassets in Resources */,
				6341644326318895001AEB43 /* Main.storyboard in Resources */,
			);
			runOnlyForDeploymentPostprocessing = 0;
		};
/* End PBXResourcesBuildPhase section */

/* Begin PBXSourcesBuildPhase section */
		6341643426318895001AEB43 /* Sources */ = {
			isa = PBXSourcesBuildPhase;
			buildActionMask = 2147483647;
			files = (
				6341644026318895001AEB43 /* ViewController.swift in Sources */,
				6341645B26318A9A001AEB43 /* MyCell.swift in Sources */,
				6341646326318C68001AEB43 /* CGFloat+Extension.swift in Sources */,
				6341643C26318895001AEB43 /* AppDelegate.swift in Sources */,
				6341643E26318895001AEB43 /* SceneDelegate.swift in Sources */,
				6341646026318C62001AEB43 /* UIColor+Extension.swift in Sources */,
			);
			runOnlyForDeploymentPostprocessing = 0;
		};
/* End PBXSourcesBuildPhase section */

/* Begin PBXVariantGroup section */
		6341644126318895001AEB43 /* Main.storyboard */ = {
			isa = PBXVariantGroup;
			children = (
				6341644226318895001AEB43 /* Base */,
			);
			name = Main.storyboard;
			sourceTree = "<group>";
		};
		6341644626318896001AEB43 /* LaunchScreen.storyboard */ = {
			isa = PBXVariantGroup;
			children = (
				6341644726318896001AEB43 /* Base */,
			);
			name = LaunchScreen.storyboard;
			sourceTree = "<group>";
		};
/* End PBXVariantGroup section */

/* Begin XCBuildConfiguration section */
		6341644A26318896001AEB43 /* Debug */ = {
			isa = XCBuildConfiguration;
			buildSettings = {
				ALWAYS_SEARCH_USER_PATHS = NO;
				CLANG_ANALYZER_NONNULL = YES;
				CLANG_ANALYZER_NUMBER_OBJECT_CONVERSION = YES_AGGRESSIVE;
				CLANG_CXX_LANGUAGE_STANDARD = "gnu++14";
				CLANG_CXX_LIBRARY = "libc++";
				CLANG_ENABLE_MODULES = YES;
				CLANG_ENABLE_OBJC_ARC = YES;
				CLANG_ENABLE_OBJC_WEAK = YES;
				CLANG_WARN_BLOCK_CAPTURE_AUTORELEASING = YES;
				CLANG_WARN_BOOL_CONVERSION = YES;
				CLANG_WARN_COMMA = YES;
				CLANG_WARN_CONSTANT_CONVERSION = YES;
				CLANG_WARN_DEPRECATED_OBJC_IMPLEMENTATIONS = YES;
				CLANG_WARN_DIRECT_OBJC_ISA_USAGE = YES_ERROR;
				CLANG_WARN_DOCUMENTATION_COMMENTS = YES;
				CLANG_WARN_EMPTY_BODY = YES;
				CLANG_WARN_ENUM_CONVERSION = YES;
				CLANG_WARN_INFINITE_RECURSION = YES;
				CLANG_WARN_INT_CONVERSION = YES;
				CLANG_WARN_NON_LITERAL_NULL_CONVERSION = YES;
				CLANG_WARN_OBJC_IMPLICIT_RETAIN_SELF = YES;
				CLANG_WARN_OBJC_LITERAL_CONVERSION = YES;
				CLANG_WARN_OBJC_ROOT_CLASS = YES_ERROR;
				CLANG_WARN_QUOTED_INCLUDE_IN_FRAMEWORK_HEADER = YES;
				CLANG_WARN_RANGE_LOOP_ANALYSIS = YES;
				CLANG_WARN_STRICT_PROTOTYPES = YES;
				CLANG_WARN_SUSPICIOUS_MOVE = YES;
				CLANG_WARN_UNGUARDED_AVAILABILITY = YES_AGGRESSIVE;
				CLANG_WARN_UNREACHABLE_CODE = YES;
				CLANG_WARN__DUPLICATE_METHOD_MATCH = YES;
				COPY_PHASE_STRIP = NO;
				DEBUG_INFORMATION_FORMAT = dwarf;
				ENABLE_STRICT_OBJC_MSGSEND = YES;
				ENABLE_TESTABILITY = YES;
				GCC_C_LANGUAGE_STANDARD = gnu11;
				GCC_DYNAMIC_NO_PIC = NO;
				GCC_NO_COMMON_BLOCKS = YES;
				GCC_OPTIMIZATION_LEVEL = 0;
				GCC_PREPROCESSOR_DEFINITIONS = (
					"DEBUG=1",
					"$(inherited)",
				);
				GCC_WARN_64_TO_32_BIT_CONVERSION = YES;
				GCC_WARN_ABOUT_RETURN_TYPE = YES_ERROR;
				GCC_WARN_UNDECLARED_SELECTOR = YES;
				GCC_WARN_UNINITIALIZED_AUTOS = YES_AGGRESSIVE;
				GCC_WARN_UNUSED_FUNCTION = YES;
				GCC_WARN_UNUSED_VARIABLE = YES;
				IPHONEOS_DEPLOYMENT_TARGET = 14.4;
				MTL_ENABLE_DEBUG_INFO = INCLUDE_SOURCE;
				MTL_FAST_MATH = YES;
				ONLY_ACTIVE_ARCH = YES;
				SDKROOT = iphoneos;
				SWIFT_ACTIVE_COMPILATION_CONDITIONS = DEBUG;
				SWIFT_OPTIMIZATION_LEVEL = "-Onone";
			};
			name = Debug;
		};
		6341644B26318896001AEB43 /* Release */ = {
			isa = XCBuildConfiguration;
			buildSettings = {
				ALWAYS_SEARCH_USER_PATHS = NO;
				CLANG_ANALYZER_NONNULL = YES;
				CLANG_ANALYZER_NUMBER_OBJECT_CONVERSION = YES_AGGRESSIVE;
				CLANG_CXX_LANGUAGE_STANDARD = "gnu++14";
				CLANG_CXX_LIBRARY = "libc++";
				CLANG_ENABLE_MODULES = YES;
				CLANG_ENABLE_OBJC_ARC = YES;
				CLANG_ENABLE_OBJC_WEAK = YES;
				CLANG_WARN_BLOCK_CAPTURE_AUTORELEASING = YES;
				CLANG_WARN_BOOL_CONVERSION = YES;
				CLANG_WARN_COMMA = YES;
				CLANG_WARN_CONSTANT_CONVERSION = YES;
				CLANG_WARN_DEPRECATED_OBJC_IMPLEMENTATIONS = YES;
				CLANG_WARN_DIRECT_OBJC_ISA_USAGE = YES_ERROR;
				CLANG_WARN_DOCUMENTATION_COMMENTS = YES;
				CLANG_WARN_EMPTY_BODY = YES;
				CLANG_WARN_ENUM_CONVERSION = YES;
				CLANG_WARN_INFINITE_RECURSION = YES;
				CLANG_WARN_INT_CONVERSION = YES;
				CLANG_WARN_NON_LITERAL_NULL_CONVERSION = YES;
				CLANG_WARN_OBJC_IMPLICIT_RETAIN_SELF = YES;
				CLANG_WARN_OBJC_LITERAL_CONVERSION = YES;
				CLANG_WARN_OBJC_ROOT_CLASS = YES_ERROR;
				CLANG_WARN_QUOTED_INCLUDE_IN_FRAMEWORK_HEADER = YES;
				CLANG_WARN_RANGE_LOOP_ANALYSIS = YES;
				CLANG_WARN_STRICT_PROTOTYPES = YES;
				CLANG_WARN_SUSPICIOUS_MOVE = YES;
				CLANG_WARN_UNGUARDED_AVAILABILITY = YES_AGGRESSIVE;
				CLANG_WARN_UNREACHABLE_CODE = YES;
				CLANG_WARN__DUPLICATE_METHOD_MATCH = YES;
				COPY_PHASE_STRIP = NO;
				DEBUG_INFORMATION_FORMAT = "dwarf-with-dsym";
				ENABLE_NS_ASSERTIONS = NO;
				ENABLE_STRICT_OBJC_MSGSEND = YES;
				GCC_C_LANGUAGE_STANDARD = gnu11;
				GCC_NO_COMMON_BLOCKS = YES;
				GCC_WARN_64_TO_32_BIT_CONVERSION = YES;
				GCC_WARN_ABOUT_RETURN_TYPE = YES_ERROR;
				GCC_WARN_UNDECLARED_SELECTOR = YES;
				GCC_WARN_UNINITIALIZED_AUTOS = YES_AGGRESSIVE;
				GCC_WARN_UNUSED_FUNCTION = YES;
				GCC_WARN_UNUSED_VARIABLE = YES;
				IPHONEOS_DEPLOYMENT_TARGET = 14.4;
				MTL_ENABLE_DEBUG_INFO = NO;
				MTL_FAST_MATH = YES;
				SDKROOT = iphoneos;
				SWIFT_COMPILATION_MODE = wholemodule;
				SWIFT_OPTIMIZATION_LEVEL = "-O";
				VALIDATE_PRODUCT = YES;
			};
			name = Release;
		};
		6341644D26318896001AEB43 /* Debug */ = {
			isa = XCBuildConfiguration;
			buildSettings = {
				ASSETCATALOG_COMPILER_APPICON_NAME = AppIcon;
				ASSETCATALOG_COMPILER_GLOBAL_ACCENT_COLOR_NAME = AccentColor;
				CODE_SIGN_STYLE = Automatic;
				DEVELOPMENT_TEAM = R5YDMBY4CB;
				INFOPLIST_FILE = StickyHeaderCell/Info.plist;
				LD_RUNPATH_SEARCH_PATHS = (
					"$(inherited)",
					"@executable_path/Frameworks",
				);
				PRODUCT_BUNDLE_IDENTIFIER = com.sujinnaljin.StickyHeaderCell;
				PRODUCT_NAME = "$(TARGET_NAME)";
				SWIFT_VERSION = 5.0;
				TARGETED_DEVICE_FAMILY = "1,2";
			};
			name = Debug;
		};
		6341644E26318896001AEB43 /* Release */ = {
			isa = XCBuildConfiguration;
			buildSettings = {
				ASSETCATALOG_COMPILER_APPICON_NAME = AppIcon;
				ASSETCATALOG_COMPILER_GLOBAL_ACCENT_COLOR_NAME = AccentColor;
				CODE_SIGN_STYLE = Automatic;
				DEVELOPMENT_TEAM = R5YDMBY4CB;
				INFOPLIST_FILE = StickyHeaderCell/Info.plist;
				LD_RUNPATH_SEARCH_PATHS = (
					"$(inherited)",
					"@executable_path/Frameworks",
				);
				PRODUCT_BUNDLE_IDENTIFIER = com.sujinnaljin.StickyHeaderCell;
				PRODUCT_NAME = "$(TARGET_NAME)";
				SWIFT_VERSION = 5.0;
				TARGETED_DEVICE_FAMILY = "1,2";
			};
			name = Release;
		};
/* End XCBuildConfiguration section */

/* Begin XCConfigurationList section */
		6341643326318895001AEB43 /* Build configuration list for PBXProject "StickyHeaderCell" */ = {
			isa = XCConfigurationList;
			buildConfigurations = (
				6341644A26318896001AEB43 /* Debug */,
				6341644B26318896001AEB43 /* Release */,
			);
			defaultConfigurationIsVisible = 0;
			defaultConfigurationName = Release;
		};
		6341644C26318896001AEB43 /* Build configuration list for PBXNativeTarget "StickyHeaderCell" */ = {
			isa = XCConfigurationList;
			buildConfigurations = (
				6341644D26318896001AEB43 /* Debug */,
				6341644E26318896001AEB43 /* Release */,
			);
			defaultConfigurationIsVisible = 0;
			defaultConfigurationName = Release;
		};
/* End XCConfigurationList section */
	};
	rootObject = 6341643026318895001AEB43 /* Project object */;
}
